
Microsoft Visual Studio Solution File, Format Version 12.00
# Visual Studio 2012
Project("{FAE04EC0-301F-11D3-BF4B-00C04F79EFBC}") = "UMCWebsite", "UMCWebsite\UMCWebsite.csproj", "{9D42F5F8-F5F0-4513-B249-47172921338A}"
EndProject
Project("{FAE04EC0-301F-11D3-BF4B-00C04F79EFBC}") = "UMCWebsite.Tests", "UMCWebsite.Tests\UMCWebsite.Tests.csproj", "{76D67773-5AB5-4CC3-9094-A7B5BEA72483}"
EndProject
Global
	GlobalSection(SolutionConfigurationPlatforms) = preSolution
		Debug|Any CPU = Debug|Any CPU
		Release|Any CPU = Release|Any CPU
	EndGlobalSection
	GlobalSection(ProjectConfigurationPlatforms) = postSolution
		{9D42F5F8-F5F0-4513-B249-47172921338A}.Debug|Any CPU.ActiveCfg = Debug|Any CPU
		{9D42F5F8-F5F0-4513-B249-47172921338A}.Debug|Any CPU.Build.0 = Debug|Any CPU
		{9D42F5F8-F5F0-4513-B249-47172921338A}.Release|Any CPU.ActiveCfg = Release|Any CPU
		{9D42F5F8-F5F0-4513-B249-47172921338A}.Release|Any CPU.Build.0 = Release|Any CPU
		{76D67773-5AB5-4CC3-9094-A7B5BEA72483}.Debug|Any CPU.ActiveCfg = Debug|Any CPU
		{76D67773-5AB5-4CC3-9094-A7B5BEA72483}.Debug|Any CPU.Build.0 = Debug|Any CPU
		{76D67773-5AB5-4CC3-9094-A7B5BEA72483}.Release|Any CPU.ActiveCfg = Release|Any CPU
		{76D67773-5AB5-4CC3-9094-A7B5BEA72483}.Release|Any CPU.Build.0 = Release|Any CPU
	EndGlobalSection
	GlobalSection(SolutionProperties) = preSolution
		HideSolutionNode = FALSE
	EndGlobalSection
EndGlobal
